
Microsoft Visual Studio Solution File, Format Version 12.00
# Visual Studio 15
VisualStudioVersion = 15.0.28307.421
MinimumVisualStudioVersion = 10.0.40219.1
Project("{9A19103F-16F7-4668-BE54-9A1E7A4F7556}") = "CoreApp.Api", "CoreApp.Api\CoreApp.Api.csproj", "{245B39C5-CE3B-4694-A93E-78BE374474CB}"
EndProject
Project("{9A19103F-16F7-4668-BE54-9A1E7A4F7556}") = "CoreApp.Domain", "CoreApp.Domain\CoreApp.Domain.csproj", "{C4D50636-1FB1-4DAD-9422-E8EF1619EF45}"
EndProject
Project("{9A19103F-16F7-4668-BE54-9A1E7A4F7556}") = "CoreApp.Data", "CoreApp.Data\CoreApp.Data.csproj", "{CDDCEF80-557C-47E2-A1EE-AB94BB13D158}"
EndProject
Project("{9A19103F-16F7-4668-BE54-9A1E7A4F7556}") = "CoreApp.IoC", "CoreApp.IoC\CoreApp.IoC.csproj", "{9E34B5E8-E698-47F5-B15A-EAB2A3C44099}"
EndProject
Project("{FAE04EC0-301F-11D3-BF4B-00C04F79EFBC}") = "CoreApp.UnitTest", "CoreApp.UnitTest\CoreApp.UnitTest.csproj", "{37B68DC5-9C8F-4534-84A4-31ACDC95318A}"
EndProject
Global
	GlobalSection(SolutionConfigurationPlatforms) = preSolution
		Debug|Any CPU = Debug|Any CPU
		Release|Any CPU = Release|Any CPU
	EndGlobalSection
	GlobalSection(ProjectConfigurationPlatforms) = postSolution
		{245B39C5-CE3B-4694-A93E-78BE374474CB}.Debug|Any CPU.ActiveCfg = Debug|Any CPU
		{245B39C5-CE3B-4694-A93E-78BE374474CB}.Debug|Any CPU.Build.0 = Debug|Any CPU
		{245B39C5-CE3B-4694-A93E-78BE374474CB}.Release|Any CPU.ActiveCfg = Release|Any CPU
		{245B39C5-CE3B-4694-A93E-78BE374474CB}.Release|Any CPU.Build.0 = Release|Any CPU
		{C4D50636-1FB1-4DAD-9422-E8EF1619EF45}.Debug|Any CPU.ActiveCfg = Debug|Any CPU
		{C4D50636-1FB1-4DAD-9422-E8EF1619EF45}.Debug|Any CPU.Build.0 = Debug|Any CPU
		{C4D50636-1FB1-4DAD-9422-E8EF1619EF45}.Release|Any CPU.ActiveCfg = Release|Any CPU
		{C4D50636-1FB1-4DAD-9422-E8EF1619EF45}.Release|Any CPU.Build.0 = Release|Any CPU
		{CDDCEF80-557C-47E2-A1EE-AB94BB13D158}.Debug|Any CPU.ActiveCfg = Debug|Any CPU
		{CDDCEF80-557C-47E2-A1EE-AB94BB13D158}.Debug|Any CPU.Build.0 = Debug|Any CPU
		{CDDCEF80-557C-47E2-A1EE-AB94BB13D158}.Release|Any CPU.ActiveCfg = Release|Any CPU
		{CDDCEF80-557C-47E2-A1EE-AB94BB13D158}.Release|Any CPU.Build.0 = Release|Any CPU
		{9E34B5E8-E698-47F5-B15A-EAB2A3C44099}.Debug|Any CPU.ActiveCfg = Debug|Any CPU
		{9E34B5E8-E698-47F5-B15A-EAB2A3C44099}.Debug|Any CPU.Build.0 = Debug|Any CPU
		{9E34B5E8-E698-47F5-B15A-EAB2A3C44099}.Release|Any CPU.ActiveCfg = Release|Any CPU
		{9E34B5E8-E698-47F5-B15A-EAB2A3C44099}.Release|Any CPU.Build.0 = Release|Any CPU
		{37B68DC5-9C8F-4534-84A4-31ACDC95318A}.Debug|Any CPU.ActiveCfg = Debug|Any CPU
		{37B68DC5-9C8F-4534-84A4-31ACDC95318A}.Debug|Any CPU.Build.0 = Debug|Any CPU
		{37B68DC5-9C8F-4534-84A4-31ACDC95318A}.Release|Any CPU.ActiveCfg = Release|Any CPU
		{37B68DC5-9C8F-4534-84A4-31ACDC95318A}.Release|Any CPU.Build.0 = Release|Any CPU
	EndGlobalSection
	GlobalSection(SolutionProperties) = preSolution
		HideSolutionNode = FALSE
	EndGlobalSection
	GlobalSection(ExtensibilityGlobals) = postSolution
		SolutionGuid = {02C526CD-AC3D-452D-952E-5B18400406CD}
	EndGlobalSection
EndGlobal
