
Microsoft Visual Studio Solution File, Format Version 12.00
# Visual Studio Version 17
VisualStudioVersion = 17.0.32112.339
MinimumVisualStudioVersion = 10.0.40219.1
Project("{FAE04EC0-301F-11D3-BF4B-00C04F79EFBC}") = "CoreApp.Api", "CoreApp.Api\CoreApp.Api.csproj", "{BF147E66-6A9A-4060-9249-D5033BFB79C7}"
EndProject
Project("{FAE04EC0-301F-11D3-BF4B-00C04F79EFBC}") = "CoreApp.Data", "CoreApp.Data\CoreApp.Data.csproj", "{A6865BF5-1805-4AD3-A72E-4B71114478AD}"
EndProject
Project("{FAE04EC0-301F-11D3-BF4B-00C04F79EFBC}") = "CoreApp.Domain", "CoreApp.Domain\CoreApp.Domain.csproj", "{3747B402-3ED5-4F4E-AC26-B5B55F8EF9E0}"
EndProject
Project("{FAE04EC0-301F-11D3-BF4B-00C04F79EFBC}") = "CoreApp.IoC", "CoreApp.IoC\CoreApp.IoC.csproj", "{6E14CEAE-F939-4B18-9A6E-2F9B1ED970F3}"
EndProject
Project("{FAE04EC0-301F-11D3-BF4B-00C04F79EFBC}") = "CoreApp.UnitTest", "CoreApp.UnitTest\CoreApp.UnitTest.csproj", "{08BFF77B-BDCB-46E1-A12E-AD4FD8682911}"
EndProject
Global
	GlobalSection(SolutionConfigurationPlatforms) = preSolution
		Debug|Any CPU = Debug|Any CPU
		Release|Any CPU = Release|Any CPU
	EndGlobalSection
	GlobalSection(ProjectConfigurationPlatforms) = postSolution
		{BF147E66-6A9A-4060-9249-D5033BFB79C7}.Debug|Any CPU.ActiveCfg = Debug|Any CPU
		{BF147E66-6A9A-4060-9249-D5033BFB79C7}.Debug|Any CPU.Build.0 = Debug|Any CPU
		{BF147E66-6A9A-4060-9249-D5033BFB79C7}.Release|Any CPU.ActiveCfg = Release|Any CPU
		{BF147E66-6A9A-4060-9249-D5033BFB79C7}.Release|Any CPU.Build.0 = Release|Any CPU
		{A6865BF5-1805-4AD3-A72E-4B71114478AD}.Debug|Any CPU.ActiveCfg = Debug|Any CPU
		{A6865BF5-1805-4AD3-A72E-4B71114478AD}.Debug|Any CPU.Build.0 = Debug|Any CPU
		{A6865BF5-1805-4AD3-A72E-4B71114478AD}.Release|Any CPU.ActiveCfg = Release|Any CPU
		{A6865BF5-1805-4AD3-A72E-4B71114478AD}.Release|Any CPU.Build.0 = Release|Any CPU
		{3747B402-3ED5-4F4E-AC26-B5B55F8EF9E0}.Debug|Any CPU.ActiveCfg = Debug|Any CPU
		{3747B402-3ED5-4F4E-AC26-B5B55F8EF9E0}.Debug|Any CPU.Build.0 = Debug|Any CPU
		{3747B402-3ED5-4F4E-AC26-B5B55F8EF9E0}.Release|Any CPU.ActiveCfg = Release|Any CPU
		{3747B402-3ED5-4F4E-AC26-B5B55F8EF9E0}.Release|Any CPU.Build.0 = Release|Any CPU
		{6E14CEAE-F939-4B18-9A6E-2F9B1ED970F3}.Debug|Any CPU.ActiveCfg = Debug|Any CPU
		{6E14CEAE-F939-4B18-9A6E-2F9B1ED970F3}.Debug|Any CPU.Build.0 = Debug|Any CPU
		{6E14CEAE-F939-4B18-9A6E-2F9B1ED970F3}.Release|Any CPU.ActiveCfg = Release|Any CPU
		{6E14CEAE-F939-4B18-9A6E-2F9B1ED970F3}.Release|Any CPU.Build.0 = Release|Any CPU
		{08BFF77B-BDCB-46E1-A12E-AD4FD8682911}.Debug|Any CPU.ActiveCfg = Debug|Any CPU
		{08BFF77B-BDCB-46E1-A12E-AD4FD8682911}.Debug|Any CPU.Build.0 = Debug|Any CPU
		{08BFF77B-BDCB-46E1-A12E-AD4FD8682911}.Release|Any CPU.ActiveCfg = Release|Any CPU
		{08BFF77B-BDCB-46E1-A12E-AD4FD8682911}.Release|Any CPU.Build.0 = Release|Any CPU
	EndGlobalSection
	GlobalSection(SolutionProperties) = preSolution
		HideSolutionNode = FALSE
	EndGlobalSection
	GlobalSection(ExtensibilityGlobals) = postSolution
		SolutionGuid = {50D8B222-CF79-434C-8A72-48365287933A}
	EndGlobalSection
EndGlobal
